
Microsoft Visual Studio Solution File, Format Version 12.00
# Visual Studio Version 17
VisualStudioVersion = 17.0.31903.59
MinimumVisualStudioVersion = 10.0.40219.1
Project("{2150E333-8FDC-42A3-9474-1A3956D46DE8}") = "src", "src", "{827E0CD3-B72D-47B6-A68D-7590B98EB39B}"
EndProject
Project("{2150E333-8FDC-42A3-9474-1A3956D46DE8}") = "DataBase", "DataBase", "{76D67ED7-F942-09D1-EB9C-5DD1CD93BD2D}"
EndProject
Project("{FAE04EC0-301F-11D3-BF4B-00C04F79EFBC}") = "InsonusK.Shared.DataBase", "src\DataBase\InsonusK.Shared.DataBase\InsonusK.Shared.DataBase.csproj", "{4DD1FCD9-6A83-4D2A-B980-BDF667C1B84B}"
EndProject
Project("{FAE04EC0-301F-11D3-BF4B-00C04F79EFBC}") = "InsonusK.Shared.DataBase.Test", "src\DataBase\InsonusK.Shared.DataBase.Test\InsonusK.Shared.DataBase.Test.csproj", "{693CB387-5BA5-464B-901E-966FC0A7682E}"
EndProject
Project("{2150E333-8FDC-42A3-9474-1A3956D46DE8}") = "Models", "Models", "{C88660C5-E5FA-908F-FB87-9B230F9D594E}"
EndProject
Project("{FAE04EC0-301F-11D3-BF4B-00C04F79EFBC}") = "InsonusK.Shared.Models", "src\Models\InsonusK.Shared.Models\InsonusK.Shared.Models.csproj", "{43BE0CA9-6C40-46DA-BF54-62B8BB297D4B}"
EndProject
Project("{FAE04EC0-301F-11D3-BF4B-00C04F79EFBC}") = "InsonusK.Shared.Models.Test", "src\Models\InsonusK.Shared.Models.Test\InsonusK.Shared.Models.Test.csproj", "{BCF3F1BB-96E0-4731-A982-98B4817AA3FB}"
EndProject
Global
	GlobalSection(SolutionConfigurationPlatforms) = preSolution
		Debug|Any CPU = Debug|Any CPU
		Debug|x64 = Debug|x64
		Debug|x86 = Debug|x86
		Release|Any CPU = Release|Any CPU
		Release|x64 = Release|x64
		Release|x86 = Release|x86
	EndGlobalSection
	GlobalSection(ProjectConfigurationPlatforms) = postSolution
		{4DD1FCD9-6A83-4D2A-B980-BDF667C1B84B}.Debug|Any CPU.ActiveCfg = Debug|Any CPU
		{4DD1FCD9-6A83-4D2A-B980-BDF667C1B84B}.Debug|Any CPU.Build.0 = Debug|Any CPU
		{4DD1FCD9-6A83-4D2A-B980-BDF667C1B84B}.Debug|x64.ActiveCfg = Debug|Any CPU
		{4DD1FCD9-6A83-4D2A-B980-BDF667C1B84B}.Debug|x64.Build.0 = Debug|Any CPU
		{4DD1FCD9-6A83-4D2A-B980-BDF667C1B84B}.Debug|x86.ActiveCfg = Debug|Any CPU
		{4DD1FCD9-6A83-4D2A-B980-BDF667C1B84B}.Debug|x86.Build.0 = Debug|Any CPU
		{4DD1FCD9-6A83-4D2A-B980-BDF667C1B84B}.Release|Any CPU.ActiveCfg = Release|Any CPU
		{4DD1FCD9-6A83-4D2A-B980-BDF667C1B84B}.Release|Any CPU.Build.0 = Release|Any CPU
		{4DD1FCD9-6A83-4D2A-B980-BDF667C1B84B}.Release|x64.ActiveCfg = Release|Any CPU
		{4DD1FCD9-6A83-4D2A-B980-BDF667C1B84B}.Release|x64.Build.0 = Release|Any CPU
		{4DD1FCD9-6A83-4D2A-B980-BDF667C1B84B}.Release|x86.ActiveCfg = Release|Any CPU
		{4DD1FCD9-6A83-4D2A-B980-BDF667C1B84B}.Release|x86.Build.0 = Release|Any CPU
		{693CB387-5BA5-464B-901E-966FC0A7682E}.Debug|Any CPU.ActiveCfg = Debug|Any CPU
		{693CB387-5BA5-464B-901E-966FC0A7682E}.Debug|Any CPU.Build.0 = Debug|Any CPU
		{693CB387-5BA5-464B-901E-966FC0A7682E}.Debug|x64.ActiveCfg = Debug|Any CPU
		{693CB387-5BA5-464B-901E-966FC0A7682E}.Debug|x64.Build.0 = Debug|Any CPU
		{693CB387-5BA5-464B-901E-966FC0A7682E}.Debug|x86.ActiveCfg = Debug|Any CPU
		{693CB387-5BA5-464B-901E-966FC0A7682E}.Debug|x86.Build.0 = Debug|Any CPU
		{693CB387-5BA5-464B-901E-966FC0A7682E}.Release|Any CPU.ActiveCfg = Release|Any CPU
		{693CB387-5BA5-464B-901E-966FC0A7682E}.Release|Any CPU.Build.0 = Release|Any CPU
		{693CB387-5BA5-464B-901E-966FC0A7682E}.Release|x64.ActiveCfg = Release|Any CPU
		{693CB387-5BA5-464B-901E-966FC0A7682E}.Release|x64.Build.0 = Release|Any CPU
		{693CB387-5BA5-464B-901E-966FC0A7682E}.Release|x86.ActiveCfg = Release|Any CPU
		{693CB387-5BA5-464B-901E-966FC0A7682E}.Release|x86.Build.0 = Release|Any CPU
		{43BE0CA9-6C40-46DA-BF54-62B8BB297D4B}.Debug|Any CPU.ActiveCfg = Debug|Any CPU
		{43BE0CA9-6C40-46DA-BF54-62B8BB297D4B}.Debug|Any CPU.Build.0 = Debug|Any CPU
		{43BE0CA9-6C40-46DA-BF54-62B8BB297D4B}.Debug|x64.ActiveCfg = Debug|Any CPU
		{43BE0CA9-6C40-46DA-BF54-62B8BB297D4B}.Debug|x64.Build.0 = Debug|Any CPU
		{43BE0CA9-6C40-46DA-BF54-62B8BB297D4B}.Debug|x86.ActiveCfg = Debug|Any CPU
		{43BE0CA9-6C40-46DA-BF54-62B8BB297D4B}.Debug|x86.Build.0 = Debug|Any CPU
		{43BE0CA9-6C40-46DA-BF54-62B8BB297D4B}.Release|Any CPU.ActiveCfg = Release|Any CPU
		{43BE0CA9-6C40-46DA-BF54-62B8BB297D4B}.Release|Any CPU.Build.0 = Release|Any CPU
		{43BE0CA9-6C40-46DA-BF54-62B8BB297D4B}.Release|x64.ActiveCfg = Release|Any CPU
		{43BE0CA9-6C40-46DA-BF54-62B8BB297D4B}.Release|x64.Build.0 = Release|Any CPU
		{43BE0CA9-6C40-46DA-BF54-62B8BB297D4B}.Release|x86.ActiveCfg = Release|Any CPU
		{43BE0CA9-6C40-46DA-BF54-62B8BB297D4B}.Release|x86.Build.0 = Release|Any CPU
		{BCF3F1BB-96E0-4731-A982-98B4817AA3FB}.Debug|Any CPU.ActiveCfg = Debug|Any CPU
		{BCF3F1BB-96E0-4731-A982-98B4817AA3FB}.Debug|Any CPU.Build.0 = Debug|Any CPU
		{BCF3F1BB-96E0-4731-A982-98B4817AA3FB}.Debug|x64.ActiveCfg = Debug|Any CPU
		{BCF3F1BB-96E0-4731-A982-98B4817AA3FB}.Debug|x64.Build.0 = Debug|Any CPU
		{BCF3F1BB-96E0-4731-A982-98B4817AA3FB}.Debug|x86.ActiveCfg = Debug|Any CPU
		{BCF3F1BB-96E0-4731-A982-98B4817AA3FB}.Debug|x86.Build.0 = Debug|Any CPU
		{BCF3F1BB-96E0-4731-A982-98B4817AA3FB}.Release|Any CPU.ActiveCfg = Release|Any CPU
		{BCF3F1BB-96E0-4731-A982-98B4817AA3FB}.Release|Any CPU.Build.0 = Release|Any CPU
		{BCF3F1BB-96E0-4731-A982-98B4817AA3FB}.Release|x64.ActiveCfg = Release|Any CPU
		{BCF3F1BB-96E0-4731-A982-98B4817AA3FB}.Release|x64.Build.0 = Release|Any CPU
		{BCF3F1BB-96E0-4731-A982-98B4817AA3FB}.Release|x86.ActiveCfg = Release|Any CPU
		{BCF3F1BB-96E0-4731-A982-98B4817AA3FB}.Release|x86.Build.0 = Release|Any CPU
	EndGlobalSection
	GlobalSection(SolutionProperties) = preSolution
		HideSolutionNode = FALSE
	EndGlobalSection
	GlobalSection(NestedProjects) = preSolution
		{76D67ED7-F942-09D1-EB9C-5DD1CD93BD2D} = {827E0CD3-B72D-47B6-A68D-7590B98EB39B}
		{4DD1FCD9-6A83-4D2A-B980-BDF667C1B84B} = {76D67ED7-F942-09D1-EB9C-5DD1CD93BD2D}
		{693CB387-5BA5-464B-901E-966FC0A7682E} = {76D67ED7-F942-09D1-EB9C-5DD1CD93BD2D}
		{C88660C5-E5FA-908F-FB87-9B230F9D594E} = {827E0CD3-B72D-47B6-A68D-7590B98EB39B}
		{43BE0CA9-6C40-46DA-BF54-62B8BB297D4B} = {C88660C5-E5FA-908F-FB87-9B230F9D594E}
		{BCF3F1BB-96E0-4731-A982-98B4817AA3FB} = {C88660C5-E5FA-908F-FB87-9B230F9D594E}
	EndGlobalSection
EndGlobal
