
Microsoft Visual Studio Solution File, Format Version 12.00
# Visual Studio Version 17
VisualStudioVersion = 17.0.31903.59
MinimumVisualStudioVersion = 10.0.40219.1
Project("{2150E333-8FDC-42A3-9474-1A3956D46DE8}") = "src", "src", "{827E0CD3-B72D-47B6-A68D-7590B98EB39B}"
EndProject
Project("{2150E333-8FDC-42A3-9474-1A3956D46DE8}") = "AnnotationsForDI", "AnnotationsForDI", "{9B01F202-4B2B-BF9E-D9C8-E18FAB7EFC64}"
EndProject
Project("{FAE04EC0-301F-11D3-BF4B-00C04F79EFBC}") = "InsonusK.Shared.AnnotationsForDI", "src\AnnotationsForDI\InsonusK.Shared.AnnotationsForDI\InsonusK.Shared.AnnotationsForDI.csproj", "{5E683A77-0CEA-4576-BB46-C3ECCF5137AB}"
EndProject
Project("{FAE04EC0-301F-11D3-BF4B-00C04F79EFBC}") = "InsonusK.Shared.AnnotationsForDI.Test", "src\AnnotationsForDI\InsonusK.Shared.AnnotationsForDI.Test\InsonusK.Shared.AnnotationsForDI.Test.csproj", "{A5A0782D-68C8-47CC-A388-070E271DB183}"
EndProject
Project("{2150E333-8FDC-42A3-9474-1A3956D46DE8}") = "Component", "Component", "{AC24FA96-0CCE-8FDA-4269-09A6932D0448}"
EndProject
Project("{2150E333-8FDC-42A3-9474-1A3956D46DE8}") = "Command", "Command", "{8B13F919-235E-F0B7-73FE-8A05FBB0DED7}"
EndProject
Project("{2150E333-8FDC-42A3-9474-1A3956D46DE8}") = "Command.EntityLoading", "Command.EntityLoading", "{9C96242D-11F9-934A-C1B6-A412C89C3993}"
EndProject
Project("{FAE04EC0-301F-11D3-BF4B-00C04F79EFBC}") = "InsonusK.Shared.Command.EntityLoading", "src\Component\Command\Command.EntityLoading\InsonusK.Shared.Command.EntityLoading\InsonusK.Shared.Command.EntityLoading.csproj", "{6A304359-A1FE-4D66-AFC8-61759800D1F0}"
EndProject
Project("{2150E333-8FDC-42A3-9474-1A3956D46DE8}") = "Command.Exception", "Command.Exception", "{B05855F9-D874-76CF-FBF8-91DF49FBFEDB}"
EndProject
Project("{FAE04EC0-301F-11D3-BF4B-00C04F79EFBC}") = "InsonusK.Shared.Command.Exception", "src\Component\Command\Command.Exception\InsonusK.Shared.Command.Exception\InsonusK.Shared.Command.Exception.csproj", "{52B87B16-9BF3-40FA-B4C2-5069339D5924}"
EndProject
Project("{2150E333-8FDC-42A3-9474-1A3956D46DE8}") = "Command.Interface", "Command.Interface", "{5D6A740E-650C-66EE-9080-629CDDE541AF}"
EndProject
Project("{2150E333-8FDC-42A3-9474-1A3956D46DE8}") = "Command.Service.Interface", "Command.Service.Interface", "{142B2215-D534-3B31-C9BD-61D5610CE0C2}"
EndProject
Project("{2150E333-8FDC-42A3-9474-1A3956D46DE8}") = "Command.Validation", "Command.Validation", "{AA995C41-1EF4-A3B3-1E66-FEE4300A48F2}"
EndProject
Project("{FAE04EC0-301F-11D3-BF4B-00C04F79EFBC}") = "InsonusK.Shared.Command.EntityLoading.Test", "src\Component\Command\Command.EntityLoading\InsonusK.Shared.Command.EntityLoading.Test\InsonusK.Shared.Command.EntityLoading.Test.csproj", "{F5E50FE5-E9CF-405D-ACEC-3DC23F9CE91E}"
EndProject
Project("{FAE04EC0-301F-11D3-BF4B-00C04F79EFBC}") = "InsonusK.Shared.Command.Exception.Test", "src\Component\Command\Command.Exception\InsonusK.Shared.Command.Exception.Test\InsonusK.Shared.Command.Exception.Test.csproj", "{95FA2F26-47DF-4B17-B8ED-C9E85BAA9DDD}"
EndProject
Project("{FAE04EC0-301F-11D3-BF4B-00C04F79EFBC}") = "InsonusK.Shared.Command.Interface", "src\Component\Command\Command.Interface\InsonusK.Shared.Command.Interface\InsonusK.Shared.Command.Interface.csproj", "{1C908382-F25A-40AC-9459-0D885174660E}"
EndProject
Project("{FAE04EC0-301F-11D3-BF4B-00C04F79EFBC}") = "InsonusK.Shared.Command.Interface.Test", "src\Component\Command\Command.Interface\InsonusK.Shared.Command.Interface.Test\InsonusK.Shared.Command.Interface.Test.csproj", "{026AF566-F400-4F7F-A901-05BD45C16F85}"
EndProject
Project("{FAE04EC0-301F-11D3-BF4B-00C04F79EFBC}") = "InsonusK.Shared.Command.Service.Interface", "src\Component\Command\Command.Service.Interface\InsonusK.Shared.Command.Service.Interface\InsonusK.Shared.Command.Service.Interface.csproj", "{97184636-113D-4824-B4F0-6089FFE20B7F}"
EndProject
Project("{FAE04EC0-301F-11D3-BF4B-00C04F79EFBC}") = "InsonusK.Shared.Command.Service.Interface.Test", "src\Component\Command\Command.Service.Interface\InsonusK.Shared.Command.Service.Interface.Test\InsonusK.Shared.Command.Service.Interface.Test.csproj", "{4E56995F-C0F2-4CB8-B738-F47B26A38012}"
EndProject
Project("{FAE04EC0-301F-11D3-BF4B-00C04F79EFBC}") = "InsonusK.Shared.Command.Validation", "src\Component\Command\Command.Validation\InsonusK.Shared.Command.Validation\InsonusK.Shared.Command.Validation.csproj", "{252ED705-AAE2-458C-B2FB-E65348E28CB6}"
EndProject
Project("{FAE04EC0-301F-11D3-BF4B-00C04F79EFBC}") = "InsonusK.Shared.Command.Validation.Test", "src\Component\Command\Command.Validation\InsonusK.Shared.Command.Validation.Test\InsonusK.Shared.Command.Validation.Test.csproj", "{C50E70D9-74B6-4FF4-BF8C-4F0A962AA328}"
EndProject
Project("{2150E333-8FDC-42A3-9474-1A3956D46DE8}") = "Entities", "Entities", "{88408612-C324-E567-6D62-1BABBC145015}"
EndProject
Project("{2150E333-8FDC-42A3-9474-1A3956D46DE8}") = "DataBase", "DataBase", "{84A64218-0DB5-BA82-94BE-4848B2D5B870}"
EndProject
Project("{2150E333-8FDC-42A3-9474-1A3956D46DE8}") = "Model", "Model", "{720D96E2-EE5F-CC74-2E86-E36A396FB53B}"
EndProject
Project("{FAE04EC0-301F-11D3-BF4B-00C04F79EFBC}") = "InsonusK.Shared.Model", "src\Component\Entities\Model\InsonusK.Shared.Model\InsonusK.Shared.Model.csproj", "{93727E00-52AC-4A95-8715-84D1023F3501}"
EndProject
Project("{FAE04EC0-301F-11D3-BF4B-00C04F79EFBC}") = "InsonusK.Shared.Model.Test", "src\Component\Entities\Model\InsonusK.Shared.Model.Test\InsonusK.Shared.Model.Test.csproj", "{FC51A26B-A7DA-4557-9372-69C66DCD0286}"
EndProject
Project("{FAE04EC0-301F-11D3-BF4B-00C04F79EFBC}") = "InsonusK.Shared.DataBase", "src\Component\Entities\DataBase\InsonusK.Shared.DataBase\InsonusK.Shared.DataBase.csproj", "{4B1B5C95-29DF-4B75-BDBE-870B22761AA8}"
EndProject
Project("{FAE04EC0-301F-11D3-BF4B-00C04F79EFBC}") = "InsonusK.Shared.DataBase.Test", "src\Component\Entities\DataBase\InsonusK.Shared.DataBase.Test\InsonusK.Shared.DataBase.Test.csproj", "{A6625C71-9161-4EBD-BCFC-6427E9322FA2}"
EndProject
Project("{2150E333-8FDC-42A3-9474-1A3956D46DE8}") = "Mediator.ExceptionHandler", "Mediator.ExceptionHandler", "{1294ED84-72D6-607F-9CD9-F2B652F95174}"
EndProject
Project("{FAE04EC0-301F-11D3-BF4B-00C04F79EFBC}") = "InsonusK.Shared.Mediator.ExceptionHandler", "src\Component\Mediator.ExceptionHandler\InsonusK.Shared.Mediator.ExceptionHandler\InsonusK.Shared.Mediator.ExceptionHandler.csproj", "{08B44A34-05EB-4410-AD82-F6AB5F7EA789}"
EndProject
Project("{FAE04EC0-301F-11D3-BF4B-00C04F79EFBC}") = "InsonusK.Shared.Mediator.ExceptionHandler.Test", "src\Component\Mediator.ExceptionHandler\InsonusK.Shared.Mediator.ExceptionHandler.Test\InsonusK.Shared.Mediator.ExceptionHandler.Test.csproj", "{06347F2A-7282-44DC-9206-C7CCBE0E79F0}"
EndProject
Global
	GlobalSection(SolutionConfigurationPlatforms) = preSolution
		Debug|Any CPU = Debug|Any CPU
		Debug|x64 = Debug|x64
		Debug|x86 = Debug|x86
		Release|Any CPU = Release|Any CPU
		Release|x64 = Release|x64
		Release|x86 = Release|x86
	EndGlobalSection
	GlobalSection(ProjectConfigurationPlatforms) = postSolution
		{5E683A77-0CEA-4576-BB46-C3ECCF5137AB}.Debug|Any CPU.ActiveCfg = Debug|Any CPU
		{5E683A77-0CEA-4576-BB46-C3ECCF5137AB}.Debug|Any CPU.Build.0 = Debug|Any CPU
		{5E683A77-0CEA-4576-BB46-C3ECCF5137AB}.Debug|x64.ActiveCfg = Debug|Any CPU
		{5E683A77-0CEA-4576-BB46-C3ECCF5137AB}.Debug|x64.Build.0 = Debug|Any CPU
		{5E683A77-0CEA-4576-BB46-C3ECCF5137AB}.Debug|x86.ActiveCfg = Debug|Any CPU
		{5E683A77-0CEA-4576-BB46-C3ECCF5137AB}.Debug|x86.Build.0 = Debug|Any CPU
		{5E683A77-0CEA-4576-BB46-C3ECCF5137AB}.Release|Any CPU.ActiveCfg = Release|Any CPU
		{5E683A77-0CEA-4576-BB46-C3ECCF5137AB}.Release|Any CPU.Build.0 = Release|Any CPU
		{5E683A77-0CEA-4576-BB46-C3ECCF5137AB}.Release|x64.ActiveCfg = Release|Any CPU
		{5E683A77-0CEA-4576-BB46-C3ECCF5137AB}.Release|x64.Build.0 = Release|Any CPU
		{5E683A77-0CEA-4576-BB46-C3ECCF5137AB}.Release|x86.ActiveCfg = Release|Any CPU
		{5E683A77-0CEA-4576-BB46-C3ECCF5137AB}.Release|x86.Build.0 = Release|Any CPU
		{A5A0782D-68C8-47CC-A388-070E271DB183}.Debug|Any CPU.ActiveCfg = Debug|Any CPU
		{A5A0782D-68C8-47CC-A388-070E271DB183}.Debug|Any CPU.Build.0 = Debug|Any CPU
		{A5A0782D-68C8-47CC-A388-070E271DB183}.Debug|x64.ActiveCfg = Debug|Any CPU
		{A5A0782D-68C8-47CC-A388-070E271DB183}.Debug|x64.Build.0 = Debug|Any CPU
		{A5A0782D-68C8-47CC-A388-070E271DB183}.Debug|x86.ActiveCfg = Debug|Any CPU
		{A5A0782D-68C8-47CC-A388-070E271DB183}.Debug|x86.Build.0 = Debug|Any CPU
		{A5A0782D-68C8-47CC-A388-070E271DB183}.Release|Any CPU.ActiveCfg = Release|Any CPU
		{A5A0782D-68C8-47CC-A388-070E271DB183}.Release|Any CPU.Build.0 = Release|Any CPU
		{A5A0782D-68C8-47CC-A388-070E271DB183}.Release|x64.ActiveCfg = Release|Any CPU
		{A5A0782D-68C8-47CC-A388-070E271DB183}.Release|x64.Build.0 = Release|Any CPU
		{A5A0782D-68C8-47CC-A388-070E271DB183}.Release|x86.ActiveCfg = Release|Any CPU
		{A5A0782D-68C8-47CC-A388-070E271DB183}.Release|x86.Build.0 = Release|Any CPU
		{6A304359-A1FE-4D66-AFC8-61759800D1F0}.Debug|Any CPU.ActiveCfg = Debug|Any CPU
		{6A304359-A1FE-4D66-AFC8-61759800D1F0}.Debug|Any CPU.Build.0 = Debug|Any CPU
		{6A304359-A1FE-4D66-AFC8-61759800D1F0}.Debug|x64.ActiveCfg = Debug|Any CPU
		{6A304359-A1FE-4D66-AFC8-61759800D1F0}.Debug|x64.Build.0 = Debug|Any CPU
		{6A304359-A1FE-4D66-AFC8-61759800D1F0}.Debug|x86.ActiveCfg = Debug|Any CPU
		{6A304359-A1FE-4D66-AFC8-61759800D1F0}.Debug|x86.Build.0 = Debug|Any CPU
		{6A304359-A1FE-4D66-AFC8-61759800D1F0}.Release|Any CPU.ActiveCfg = Release|Any CPU
		{6A304359-A1FE-4D66-AFC8-61759800D1F0}.Release|Any CPU.Build.0 = Release|Any CPU
		{6A304359-A1FE-4D66-AFC8-61759800D1F0}.Release|x64.ActiveCfg = Release|Any CPU
		{6A304359-A1FE-4D66-AFC8-61759800D1F0}.Release|x64.Build.0 = Release|Any CPU
		{6A304359-A1FE-4D66-AFC8-61759800D1F0}.Release|x86.ActiveCfg = Release|Any CPU
		{6A304359-A1FE-4D66-AFC8-61759800D1F0}.Release|x86.Build.0 = Release|Any CPU
		{52B87B16-9BF3-40FA-B4C2-5069339D5924}.Debug|Any CPU.ActiveCfg = Debug|Any CPU
		{52B87B16-9BF3-40FA-B4C2-5069339D5924}.Debug|Any CPU.Build.0 = Debug|Any CPU
		{52B87B16-9BF3-40FA-B4C2-5069339D5924}.Debug|x64.ActiveCfg = Debug|Any CPU
		{52B87B16-9BF3-40FA-B4C2-5069339D5924}.Debug|x64.Build.0 = Debug|Any CPU
		{52B87B16-9BF3-40FA-B4C2-5069339D5924}.Debug|x86.ActiveCfg = Debug|Any CPU
		{52B87B16-9BF3-40FA-B4C2-5069339D5924}.Debug|x86.Build.0 = Debug|Any CPU
		{52B87B16-9BF3-40FA-B4C2-5069339D5924}.Release|Any CPU.ActiveCfg = Release|Any CPU
		{52B87B16-9BF3-40FA-B4C2-5069339D5924}.Release|Any CPU.Build.0 = Release|Any CPU
		{52B87B16-9BF3-40FA-B4C2-5069339D5924}.Release|x64.ActiveCfg = Release|Any CPU
		{52B87B16-9BF3-40FA-B4C2-5069339D5924}.Release|x64.Build.0 = Release|Any CPU
		{52B87B16-9BF3-40FA-B4C2-5069339D5924}.Release|x86.ActiveCfg = Release|Any CPU
		{52B87B16-9BF3-40FA-B4C2-5069339D5924}.Release|x86.Build.0 = Release|Any CPU
		{F5E50FE5-E9CF-405D-ACEC-3DC23F9CE91E}.Debug|Any CPU.ActiveCfg = Debug|Any CPU
		{F5E50FE5-E9CF-405D-ACEC-3DC23F9CE91E}.Debug|Any CPU.Build.0 = Debug|Any CPU
		{F5E50FE5-E9CF-405D-ACEC-3DC23F9CE91E}.Debug|x64.ActiveCfg = Debug|Any CPU
		{F5E50FE5-E9CF-405D-ACEC-3DC23F9CE91E}.Debug|x64.Build.0 = Debug|Any CPU
		{F5E50FE5-E9CF-405D-ACEC-3DC23F9CE91E}.Debug|x86.ActiveCfg = Debug|Any CPU
		{F5E50FE5-E9CF-405D-ACEC-3DC23F9CE91E}.Debug|x86.Build.0 = Debug|Any CPU
		{F5E50FE5-E9CF-405D-ACEC-3DC23F9CE91E}.Release|Any CPU.ActiveCfg = Release|Any CPU
		{F5E50FE5-E9CF-405D-ACEC-3DC23F9CE91E}.Release|Any CPU.Build.0 = Release|Any CPU
		{F5E50FE5-E9CF-405D-ACEC-3DC23F9CE91E}.Release|x64.ActiveCfg = Release|Any CPU
		{F5E50FE5-E9CF-405D-ACEC-3DC23F9CE91E}.Release|x64.Build.0 = Release|Any CPU
		{F5E50FE5-E9CF-405D-ACEC-3DC23F9CE91E}.Release|x86.ActiveCfg = Release|Any CPU
		{F5E50FE5-E9CF-405D-ACEC-3DC23F9CE91E}.Release|x86.Build.0 = Release|Any CPU
		{95FA2F26-47DF-4B17-B8ED-C9E85BAA9DDD}.Debug|Any CPU.ActiveCfg = Debug|Any CPU
		{95FA2F26-47DF-4B17-B8ED-C9E85BAA9DDD}.Debug|Any CPU.Build.0 = Debug|Any CPU
		{95FA2F26-47DF-4B17-B8ED-C9E85BAA9DDD}.Debug|x64.ActiveCfg = Debug|Any CPU
		{95FA2F26-47DF-4B17-B8ED-C9E85BAA9DDD}.Debug|x64.Build.0 = Debug|Any CPU
		{95FA2F26-47DF-4B17-B8ED-C9E85BAA9DDD}.Debug|x86.ActiveCfg = Debug|Any CPU
		{95FA2F26-47DF-4B17-B8ED-C9E85BAA9DDD}.Debug|x86.Build.0 = Debug|Any CPU
		{95FA2F26-47DF-4B17-B8ED-C9E85BAA9DDD}.Release|Any CPU.ActiveCfg = Release|Any CPU
		{95FA2F26-47DF-4B17-B8ED-C9E85BAA9DDD}.Release|Any CPU.Build.0 = Release|Any CPU
		{95FA2F26-47DF-4B17-B8ED-C9E85BAA9DDD}.Release|x64.ActiveCfg = Release|Any CPU
		{95FA2F26-47DF-4B17-B8ED-C9E85BAA9DDD}.Release|x64.Build.0 = Release|Any CPU
		{95FA2F26-47DF-4B17-B8ED-C9E85BAA9DDD}.Release|x86.ActiveCfg = Release|Any CPU
		{95FA2F26-47DF-4B17-B8ED-C9E85BAA9DDD}.Release|x86.Build.0 = Release|Any CPU
		{1C908382-F25A-40AC-9459-0D885174660E}.Debug|Any CPU.ActiveCfg = Debug|Any CPU
		{1C908382-F25A-40AC-9459-0D885174660E}.Debug|Any CPU.Build.0 = Debug|Any CPU
		{1C908382-F25A-40AC-9459-0D885174660E}.Debug|x64.ActiveCfg = Debug|Any CPU
		{1C908382-F25A-40AC-9459-0D885174660E}.Debug|x64.Build.0 = Debug|Any CPU
		{1C908382-F25A-40AC-9459-0D885174660E}.Debug|x86.ActiveCfg = Debug|Any CPU
		{1C908382-F25A-40AC-9459-0D885174660E}.Debug|x86.Build.0 = Debug|Any CPU
		{1C908382-F25A-40AC-9459-0D885174660E}.Release|Any CPU.ActiveCfg = Release|Any CPU
		{1C908382-F25A-40AC-9459-0D885174660E}.Release|Any CPU.Build.0 = Release|Any CPU
		{1C908382-F25A-40AC-9459-0D885174660E}.Release|x64.ActiveCfg = Release|Any CPU
		{1C908382-F25A-40AC-9459-0D885174660E}.Release|x64.Build.0 = Release|Any CPU
		{1C908382-F25A-40AC-9459-0D885174660E}.Release|x86.ActiveCfg = Release|Any CPU
		{1C908382-F25A-40AC-9459-0D885174660E}.Release|x86.Build.0 = Release|Any CPU
		{026AF566-F400-4F7F-A901-05BD45C16F85}.Debug|Any CPU.ActiveCfg = Debug|Any CPU
		{026AF566-F400-4F7F-A901-05BD45C16F85}.Debug|Any CPU.Build.0 = Debug|Any CPU
		{026AF566-F400-4F7F-A901-05BD45C16F85}.Debug|x64.ActiveCfg = Debug|Any CPU
		{026AF566-F400-4F7F-A901-05BD45C16F85}.Debug|x64.Build.0 = Debug|Any CPU
		{026AF566-F400-4F7F-A901-05BD45C16F85}.Debug|x86.ActiveCfg = Debug|Any CPU
		{026AF566-F400-4F7F-A901-05BD45C16F85}.Debug|x86.Build.0 = Debug|Any CPU
		{026AF566-F400-4F7F-A901-05BD45C16F85}.Release|Any CPU.ActiveCfg = Release|Any CPU
		{026AF566-F400-4F7F-A901-05BD45C16F85}.Release|Any CPU.Build.0 = Release|Any CPU
		{026AF566-F400-4F7F-A901-05BD45C16F85}.Release|x64.ActiveCfg = Release|Any CPU
		{026AF566-F400-4F7F-A901-05BD45C16F85}.Release|x64.Build.0 = Release|Any CPU
		{026AF566-F400-4F7F-A901-05BD45C16F85}.Release|x86.ActiveCfg = Release|Any CPU
		{026AF566-F400-4F7F-A901-05BD45C16F85}.Release|x86.Build.0 = Release|Any CPU
		{97184636-113D-4824-B4F0-6089FFE20B7F}.Debug|Any CPU.ActiveCfg = Debug|Any CPU
		{97184636-113D-4824-B4F0-6089FFE20B7F}.Debug|Any CPU.Build.0 = Debug|Any CPU
		{97184636-113D-4824-B4F0-6089FFE20B7F}.Debug|x64.ActiveCfg = Debug|Any CPU
		{97184636-113D-4824-B4F0-6089FFE20B7F}.Debug|x64.Build.0 = Debug|Any CPU
		{97184636-113D-4824-B4F0-6089FFE20B7F}.Debug|x86.ActiveCfg = Debug|Any CPU
		{97184636-113D-4824-B4F0-6089FFE20B7F}.Debug|x86.Build.0 = Debug|Any CPU
		{97184636-113D-4824-B4F0-6089FFE20B7F}.Release|Any CPU.ActiveCfg = Release|Any CPU
		{97184636-113D-4824-B4F0-6089FFE20B7F}.Release|Any CPU.Build.0 = Release|Any CPU
		{97184636-113D-4824-B4F0-6089FFE20B7F}.Release|x64.ActiveCfg = Release|Any CPU
		{97184636-113D-4824-B4F0-6089FFE20B7F}.Release|x64.Build.0 = Release|Any CPU
		{97184636-113D-4824-B4F0-6089FFE20B7F}.Release|x86.ActiveCfg = Release|Any CPU
		{97184636-113D-4824-B4F0-6089FFE20B7F}.Release|x86.Build.0 = Release|Any CPU
		{4E56995F-C0F2-4CB8-B738-F47B26A38012}.Debug|Any CPU.ActiveCfg = Debug|Any CPU
		{4E56995F-C0F2-4CB8-B738-F47B26A38012}.Debug|Any CPU.Build.0 = Debug|Any CPU
		{4E56995F-C0F2-4CB8-B738-F47B26A38012}.Debug|x64.ActiveCfg = Debug|Any CPU
		{4E56995F-C0F2-4CB8-B738-F47B26A38012}.Debug|x64.Build.0 = Debug|Any CPU
		{4E56995F-C0F2-4CB8-B738-F47B26A38012}.Debug|x86.ActiveCfg = Debug|Any CPU
		{4E56995F-C0F2-4CB8-B738-F47B26A38012}.Debug|x86.Build.0 = Debug|Any CPU
		{4E56995F-C0F2-4CB8-B738-F47B26A38012}.Release|Any CPU.ActiveCfg = Release|Any CPU
		{4E56995F-C0F2-4CB8-B738-F47B26A38012}.Release|Any CPU.Build.0 = Release|Any CPU
		{4E56995F-C0F2-4CB8-B738-F47B26A38012}.Release|x64.ActiveCfg = Release|Any CPU
		{4E56995F-C0F2-4CB8-B738-F47B26A38012}.Release|x64.Build.0 = Release|Any CPU
		{4E56995F-C0F2-4CB8-B738-F47B26A38012}.Release|x86.ActiveCfg = Release|Any CPU
		{4E56995F-C0F2-4CB8-B738-F47B26A38012}.Release|x86.Build.0 = Release|Any CPU
		{252ED705-AAE2-458C-B2FB-E65348E28CB6}.Debug|Any CPU.ActiveCfg = Debug|Any CPU
		{252ED705-AAE2-458C-B2FB-E65348E28CB6}.Debug|Any CPU.Build.0 = Debug|Any CPU
		{252ED705-AAE2-458C-B2FB-E65348E28CB6}.Debug|x64.ActiveCfg = Debug|Any CPU
		{252ED705-AAE2-458C-B2FB-E65348E28CB6}.Debug|x64.Build.0 = Debug|Any CPU
		{252ED705-AAE2-458C-B2FB-E65348E28CB6}.Debug|x86.ActiveCfg = Debug|Any CPU
		{252ED705-AAE2-458C-B2FB-E65348E28CB6}.Debug|x86.Build.0 = Debug|Any CPU
		{252ED705-AAE2-458C-B2FB-E65348E28CB6}.Release|Any CPU.ActiveCfg = Release|Any CPU
		{252ED705-AAE2-458C-B2FB-E65348E28CB6}.Release|Any CPU.Build.0 = Release|Any CPU
		{252ED705-AAE2-458C-B2FB-E65348E28CB6}.Release|x64.ActiveCfg = Release|Any CPU
		{252ED705-AAE2-458C-B2FB-E65348E28CB6}.Release|x64.Build.0 = Release|Any CPU
		{252ED705-AAE2-458C-B2FB-E65348E28CB6}.Release|x86.ActiveCfg = Release|Any CPU
		{252ED705-AAE2-458C-B2FB-E65348E28CB6}.Release|x86.Build.0 = Release|Any CPU
		{C50E70D9-74B6-4FF4-BF8C-4F0A962AA328}.Debug|Any CPU.ActiveCfg = Debug|Any CPU
		{C50E70D9-74B6-4FF4-BF8C-4F0A962AA328}.Debug|Any CPU.Build.0 = Debug|Any CPU
		{C50E70D9-74B6-4FF4-BF8C-4F0A962AA328}.Debug|x64.ActiveCfg = Debug|Any CPU
		{C50E70D9-74B6-4FF4-BF8C-4F0A962AA328}.Debug|x64.Build.0 = Debug|Any CPU
		{C50E70D9-74B6-4FF4-BF8C-4F0A962AA328}.Debug|x86.ActiveCfg = Debug|Any CPU
		{C50E70D9-74B6-4FF4-BF8C-4F0A962AA328}.Debug|x86.Build.0 = Debug|Any CPU
		{C50E70D9-74B6-4FF4-BF8C-4F0A962AA328}.Release|Any CPU.ActiveCfg = Release|Any CPU
		{C50E70D9-74B6-4FF4-BF8C-4F0A962AA328}.Release|Any CPU.Build.0 = Release|Any CPU
		{C50E70D9-74B6-4FF4-BF8C-4F0A962AA328}.Release|x64.ActiveCfg = Release|Any CPU
		{C50E70D9-74B6-4FF4-BF8C-4F0A962AA328}.Release|x64.Build.0 = Release|Any CPU
		{C50E70D9-74B6-4FF4-BF8C-4F0A962AA328}.Release|x86.ActiveCfg = Release|Any CPU
		{C50E70D9-74B6-4FF4-BF8C-4F0A962AA328}.Release|x86.Build.0 = Release|Any CPU
		{93727E00-52AC-4A95-8715-84D1023F3501}.Debug|Any CPU.ActiveCfg = Debug|Any CPU
		{93727E00-52AC-4A95-8715-84D1023F3501}.Debug|Any CPU.Build.0 = Debug|Any CPU
		{93727E00-52AC-4A95-8715-84D1023F3501}.Debug|x64.ActiveCfg = Debug|Any CPU
		{93727E00-52AC-4A95-8715-84D1023F3501}.Debug|x64.Build.0 = Debug|Any CPU
		{93727E00-52AC-4A95-8715-84D1023F3501}.Debug|x86.ActiveCfg = Debug|Any CPU
		{93727E00-52AC-4A95-8715-84D1023F3501}.Debug|x86.Build.0 = Debug|Any CPU
		{93727E00-52AC-4A95-8715-84D1023F3501}.Release|Any CPU.ActiveCfg = Release|Any CPU
		{93727E00-52AC-4A95-8715-84D1023F3501}.Release|Any CPU.Build.0 = Release|Any CPU
		{93727E00-52AC-4A95-8715-84D1023F3501}.Release|x64.ActiveCfg = Release|Any CPU
		{93727E00-52AC-4A95-8715-84D1023F3501}.Release|x64.Build.0 = Release|Any CPU
		{93727E00-52AC-4A95-8715-84D1023F3501}.Release|x86.ActiveCfg = Release|Any CPU
		{93727E00-52AC-4A95-8715-84D1023F3501}.Release|x86.Build.0 = Release|Any CPU
		{FC51A26B-A7DA-4557-9372-69C66DCD0286}.Debug|Any CPU.ActiveCfg = Debug|Any CPU
		{FC51A26B-A7DA-4557-9372-69C66DCD0286}.Debug|Any CPU.Build.0 = Debug|Any CPU
		{FC51A26B-A7DA-4557-9372-69C66DCD0286}.Debug|x64.ActiveCfg = Debug|Any CPU
		{FC51A26B-A7DA-4557-9372-69C66DCD0286}.Debug|x64.Build.0 = Debug|Any CPU
		{FC51A26B-A7DA-4557-9372-69C66DCD0286}.Debug|x86.ActiveCfg = Debug|Any CPU
		{FC51A26B-A7DA-4557-9372-69C66DCD0286}.Debug|x86.Build.0 = Debug|Any CPU
		{FC51A26B-A7DA-4557-9372-69C66DCD0286}.Release|Any CPU.ActiveCfg = Release|Any CPU
		{FC51A26B-A7DA-4557-9372-69C66DCD0286}.Release|Any CPU.Build.0 = Release|Any CPU
		{FC51A26B-A7DA-4557-9372-69C66DCD0286}.Release|x64.ActiveCfg = Release|Any CPU
		{FC51A26B-A7DA-4557-9372-69C66DCD0286}.Release|x64.Build.0 = Release|Any CPU
		{FC51A26B-A7DA-4557-9372-69C66DCD0286}.Release|x86.ActiveCfg = Release|Any CPU
		{FC51A26B-A7DA-4557-9372-69C66DCD0286}.Release|x86.Build.0 = Release|Any CPU
		{4B1B5C95-29DF-4B75-BDBE-870B22761AA8}.Debug|Any CPU.ActiveCfg = Debug|Any CPU
		{4B1B5C95-29DF-4B75-BDBE-870B22761AA8}.Debug|Any CPU.Build.0 = Debug|Any CPU
		{4B1B5C95-29DF-4B75-BDBE-870B22761AA8}.Debug|x64.ActiveCfg = Debug|Any CPU
		{4B1B5C95-29DF-4B75-BDBE-870B22761AA8}.Debug|x64.Build.0 = Debug|Any CPU
		{4B1B5C95-29DF-4B75-BDBE-870B22761AA8}.Debug|x86.ActiveCfg = Debug|Any CPU
		{4B1B5C95-29DF-4B75-BDBE-870B22761AA8}.Debug|x86.Build.0 = Debug|Any CPU
		{4B1B5C95-29DF-4B75-BDBE-870B22761AA8}.Release|Any CPU.ActiveCfg = Release|Any CPU
		{4B1B5C95-29DF-4B75-BDBE-870B22761AA8}.Release|Any CPU.Build.0 = Release|Any CPU
		{4B1B5C95-29DF-4B75-BDBE-870B22761AA8}.Release|x64.ActiveCfg = Release|Any CPU
		{4B1B5C95-29DF-4B75-BDBE-870B22761AA8}.Release|x64.Build.0 = Release|Any CPU
		{4B1B5C95-29DF-4B75-BDBE-870B22761AA8}.Release|x86.ActiveCfg = Release|Any CPU
		{4B1B5C95-29DF-4B75-BDBE-870B22761AA8}.Release|x86.Build.0 = Release|Any CPU
		{A6625C71-9161-4EBD-BCFC-6427E9322FA2}.Debug|Any CPU.ActiveCfg = Debug|Any CPU
		{A6625C71-9161-4EBD-BCFC-6427E9322FA2}.Debug|Any CPU.Build.0 = Debug|Any CPU
		{A6625C71-9161-4EBD-BCFC-6427E9322FA2}.Debug|x64.ActiveCfg = Debug|Any CPU
		{A6625C71-9161-4EBD-BCFC-6427E9322FA2}.Debug|x64.Build.0 = Debug|Any CPU
		{A6625C71-9161-4EBD-BCFC-6427E9322FA2}.Debug|x86.ActiveCfg = Debug|Any CPU
		{A6625C71-9161-4EBD-BCFC-6427E9322FA2}.Debug|x86.Build.0 = Debug|Any CPU
		{A6625C71-9161-4EBD-BCFC-6427E9322FA2}.Release|Any CPU.ActiveCfg = Release|Any CPU
		{A6625C71-9161-4EBD-BCFC-6427E9322FA2}.Release|Any CPU.Build.0 = Release|Any CPU
		{A6625C71-9161-4EBD-BCFC-6427E9322FA2}.Release|x64.ActiveCfg = Release|Any CPU
		{A6625C71-9161-4EBD-BCFC-6427E9322FA2}.Release|x64.Build.0 = Release|Any CPU
		{A6625C71-9161-4EBD-BCFC-6427E9322FA2}.Release|x86.ActiveCfg = Release|Any CPU
		{A6625C71-9161-4EBD-BCFC-6427E9322FA2}.Release|x86.Build.0 = Release|Any CPU
		{08B44A34-05EB-4410-AD82-F6AB5F7EA789}.Debug|Any CPU.ActiveCfg = Debug|Any CPU
		{08B44A34-05EB-4410-AD82-F6AB5F7EA789}.Debug|Any CPU.Build.0 = Debug|Any CPU
		{08B44A34-05EB-4410-AD82-F6AB5F7EA789}.Debug|x64.ActiveCfg = Debug|Any CPU
		{08B44A34-05EB-4410-AD82-F6AB5F7EA789}.Debug|x64.Build.0 = Debug|Any CPU
		{08B44A34-05EB-4410-AD82-F6AB5F7EA789}.Debug|x86.ActiveCfg = Debug|Any CPU
		{08B44A34-05EB-4410-AD82-F6AB5F7EA789}.Debug|x86.Build.0 = Debug|Any CPU
		{08B44A34-05EB-4410-AD82-F6AB5F7EA789}.Release|Any CPU.ActiveCfg = Release|Any CPU
		{08B44A34-05EB-4410-AD82-F6AB5F7EA789}.Release|Any CPU.Build.0 = Release|Any CPU
		{08B44A34-05EB-4410-AD82-F6AB5F7EA789}.Release|x64.ActiveCfg = Release|Any CPU
		{08B44A34-05EB-4410-AD82-F6AB5F7EA789}.Release|x64.Build.0 = Release|Any CPU
		{08B44A34-05EB-4410-AD82-F6AB5F7EA789}.Release|x86.ActiveCfg = Release|Any CPU
		{08B44A34-05EB-4410-AD82-F6AB5F7EA789}.Release|x86.Build.0 = Release|Any CPU
		{06347F2A-7282-44DC-9206-C7CCBE0E79F0}.Debug|Any CPU.ActiveCfg = Debug|Any CPU
		{06347F2A-7282-44DC-9206-C7CCBE0E79F0}.Debug|Any CPU.Build.0 = Debug|Any CPU
		{06347F2A-7282-44DC-9206-C7CCBE0E79F0}.Debug|x64.ActiveCfg = Debug|Any CPU
		{06347F2A-7282-44DC-9206-C7CCBE0E79F0}.Debug|x64.Build.0 = Debug|Any CPU
		{06347F2A-7282-44DC-9206-C7CCBE0E79F0}.Debug|x86.ActiveCfg = Debug|Any CPU
		{06347F2A-7282-44DC-9206-C7CCBE0E79F0}.Debug|x86.Build.0 = Debug|Any CPU
		{06347F2A-7282-44DC-9206-C7CCBE0E79F0}.Release|Any CPU.ActiveCfg = Release|Any CPU
		{06347F2A-7282-44DC-9206-C7CCBE0E79F0}.Release|Any CPU.Build.0 = Release|Any CPU
		{06347F2A-7282-44DC-9206-C7CCBE0E79F0}.Release|x64.ActiveCfg = Release|Any CPU
		{06347F2A-7282-44DC-9206-C7CCBE0E79F0}.Release|x64.Build.0 = Release|Any CPU
		{06347F2A-7282-44DC-9206-C7CCBE0E79F0}.Release|x86.ActiveCfg = Release|Any CPU
		{06347F2A-7282-44DC-9206-C7CCBE0E79F0}.Release|x86.Build.0 = Release|Any CPU
	EndGlobalSection
	GlobalSection(SolutionProperties) = preSolution
		HideSolutionNode = FALSE
	EndGlobalSection
	GlobalSection(NestedProjects) = preSolution
		{9B01F202-4B2B-BF9E-D9C8-E18FAB7EFC64} = {827E0CD3-B72D-47B6-A68D-7590B98EB39B}
		{5E683A77-0CEA-4576-BB46-C3ECCF5137AB} = {9B01F202-4B2B-BF9E-D9C8-E18FAB7EFC64}
		{A5A0782D-68C8-47CC-A388-070E271DB183} = {9B01F202-4B2B-BF9E-D9C8-E18FAB7EFC64}
		{AC24FA96-0CCE-8FDA-4269-09A6932D0448} = {827E0CD3-B72D-47B6-A68D-7590B98EB39B}
		{8B13F919-235E-F0B7-73FE-8A05FBB0DED7} = {AC24FA96-0CCE-8FDA-4269-09A6932D0448}
		{9C96242D-11F9-934A-C1B6-A412C89C3993} = {8B13F919-235E-F0B7-73FE-8A05FBB0DED7}
		{6A304359-A1FE-4D66-AFC8-61759800D1F0} = {9C96242D-11F9-934A-C1B6-A412C89C3993}
		{B05855F9-D874-76CF-FBF8-91DF49FBFEDB} = {8B13F919-235E-F0B7-73FE-8A05FBB0DED7}
		{52B87B16-9BF3-40FA-B4C2-5069339D5924} = {B05855F9-D874-76CF-FBF8-91DF49FBFEDB}
		{5D6A740E-650C-66EE-9080-629CDDE541AF} = {8B13F919-235E-F0B7-73FE-8A05FBB0DED7}
		{142B2215-D534-3B31-C9BD-61D5610CE0C2} = {8B13F919-235E-F0B7-73FE-8A05FBB0DED7}
		{AA995C41-1EF4-A3B3-1E66-FEE4300A48F2} = {8B13F919-235E-F0B7-73FE-8A05FBB0DED7}
		{F5E50FE5-E9CF-405D-ACEC-3DC23F9CE91E} = {9C96242D-11F9-934A-C1B6-A412C89C3993}
		{95FA2F26-47DF-4B17-B8ED-C9E85BAA9DDD} = {B05855F9-D874-76CF-FBF8-91DF49FBFEDB}
		{1C908382-F25A-40AC-9459-0D885174660E} = {5D6A740E-650C-66EE-9080-629CDDE541AF}
		{026AF566-F400-4F7F-A901-05BD45C16F85} = {5D6A740E-650C-66EE-9080-629CDDE541AF}
		{97184636-113D-4824-B4F0-6089FFE20B7F} = {142B2215-D534-3B31-C9BD-61D5610CE0C2}
		{4E56995F-C0F2-4CB8-B738-F47B26A38012} = {142B2215-D534-3B31-C9BD-61D5610CE0C2}
		{252ED705-AAE2-458C-B2FB-E65348E28CB6} = {AA995C41-1EF4-A3B3-1E66-FEE4300A48F2}
		{C50E70D9-74B6-4FF4-BF8C-4F0A962AA328} = {AA995C41-1EF4-A3B3-1E66-FEE4300A48F2}
		{88408612-C324-E567-6D62-1BABBC145015} = {AC24FA96-0CCE-8FDA-4269-09A6932D0448}
		{84A64218-0DB5-BA82-94BE-4848B2D5B870} = {88408612-C324-E567-6D62-1BABBC145015}
		{720D96E2-EE5F-CC74-2E86-E36A396FB53B} = {88408612-C324-E567-6D62-1BABBC145015}
		{93727E00-52AC-4A95-8715-84D1023F3501} = {720D96E2-EE5F-CC74-2E86-E36A396FB53B}
		{FC51A26B-A7DA-4557-9372-69C66DCD0286} = {720D96E2-EE5F-CC74-2E86-E36A396FB53B}
		{4B1B5C95-29DF-4B75-BDBE-870B22761AA8} = {84A64218-0DB5-BA82-94BE-4848B2D5B870}
		{A6625C71-9161-4EBD-BCFC-6427E9322FA2} = {84A64218-0DB5-BA82-94BE-4848B2D5B870}
		{1294ED84-72D6-607F-9CD9-F2B652F95174} = {AC24FA96-0CCE-8FDA-4269-09A6932D0448}
		{08B44A34-05EB-4410-AD82-F6AB5F7EA789} = {1294ED84-72D6-607F-9CD9-F2B652F95174}
		{06347F2A-7282-44DC-9206-C7CCBE0E79F0} = {1294ED84-72D6-607F-9CD9-F2B652F95174}
	EndGlobalSection
EndGlobal
