
Microsoft Visual Studio Solution File, Format Version 12.00
# Visual Studio Version 17
VisualStudioVersion = 17.0.31903.59
MinimumVisualStudioVersion = 10.0.40219.1
Project("{2150E333-8FDC-42A3-9474-1A3956D46DE8}") = "src", "src", "{827E0CD3-B72D-47B6-A68D-7590B98EB39B}"
EndProject
Project("{2150E333-8FDC-42A3-9474-1A3956D46DE8}") = "AnnotationsForDI", "AnnotationsForDI", "{9B01F202-4B2B-BF9E-D9C8-E18FAB7EFC64}"
EndProject
Project("{FAE04EC0-301F-11D3-BF4B-00C04F79EFBC}") = "InsonusK.Shared.AnnotationsForDI", "src\AnnotationsForDI\InsonusK.Shared.AnnotationsForDI\InsonusK.Shared.AnnotationsForDI.csproj", "{5E683A77-0CEA-4576-BB46-C3ECCF5137AB}"
EndProject
Project("{FAE04EC0-301F-11D3-BF4B-00C04F79EFBC}") = "InsonusK.Shared.AnnotationsForDI.Test", "src\AnnotationsForDI\InsonusK.Shared.AnnotationsForDI.Test\InsonusK.Shared.AnnotationsForDI.Test.csproj", "{A5A0782D-68C8-47CC-A388-070E271DB183}"
EndProject
Project("{2150E333-8FDC-42A3-9474-1A3956D46DE8}") = "Mediator.ExceptionHandler", "Mediator.ExceptionHandler", "{5A0CFE4E-0C6C-8C6F-BBD5-CD445D078B41}"
EndProject
Project("{FAE04EC0-301F-11D3-BF4B-00C04F79EFBC}") = "InsonusK.Shared.Mediator.ExceptionHandler", "src\Mediator.ExceptionHandler\InsonusK.Shared.Mediator.ExceptionHandler\InsonusK.Shared.Mediator.ExceptionHandler.csproj", "{F607B27A-FC01-4006-8B41-9C000362F752}"
EndProject
Project("{FAE04EC0-301F-11D3-BF4B-00C04F79EFBC}") = "InsonusK.Shared.Mediator.ExceptionHandler.Test", "src\Mediator.ExceptionHandler\InsonusK.Shared.Mediator.ExceptionHandler.Test\InsonusK.Shared.Mediator.ExceptionHandler.Test.csproj", "{9A2D9FBE-D235-4970-AA25-385C621873A1}"
EndProject
Project("{2150E333-8FDC-42A3-9474-1A3956D46DE8}") = "Command", "Command", "{765E863F-92D1-9EC9-A760-0CE58F35DE60}"
EndProject
Project("{2150E333-8FDC-42A3-9474-1A3956D46DE8}") = "Command.Validation", "Command.Validation", "{5FCF0399-96AA-63E0-D369-745C73E9B070}"
EndProject
Project("{FAE04EC0-301F-11D3-BF4B-00C04F79EFBC}") = "InsonusK.Shared.Command.Validation", "src\Command\Command.Validation\InsonusK.Shared.Command.Validation\InsonusK.Shared.Command.Validation.csproj", "{873D8A73-E1F2-4666-BEEF-895D5D208AD4}"
EndProject
Project("{FAE04EC0-301F-11D3-BF4B-00C04F79EFBC}") = "InsonusK.Shared.Command.Validation.Test", "src\Command\Command.Validation\InsonusK.Shared.Command.Validation.Test\InsonusK.Shared.Command.Validation.Test.csproj", "{9A779D46-8AAE-415D-B983-67F3D4057E33}"
EndProject
Project("{2150E333-8FDC-42A3-9474-1A3956D46DE8}") = "Mediator", "Mediator", "{7F3C07A6-64FD-A6DA-10F3-3965B8A54AA4}"
EndProject
Project("{2150E333-8FDC-42A3-9474-1A3956D46DE8}") = "Command.EntityLoading", "Command.EntityLoading", "{F5017202-3A22-E612-0B45-86B39B7582F7}"
EndProject
Project("{FAE04EC0-301F-11D3-BF4B-00C04F79EFBC}") = "InsonusK.Shared.Command.EntityLoading", "src\Command\Command.EntityLoading\InsonusK.Shared.Command.EntityLoading\InsonusK.Shared.Command.EntityLoading.csproj", "{FAF54E7D-CCAA-4231-8D24-F073812B9E97}"
EndProject
Project("{FAE04EC0-301F-11D3-BF4B-00C04F79EFBC}") = "InsonusK.Shared.Command.EntityLoading.Test", "src\Command\Command.EntityLoading\InsonusK.Shared.Command.EntityLoading.Test\InsonusK.Shared.Command.EntityLoading.Test.csproj", "{A70B23F9-3C84-420F-8FA9-41534F2A577B}"
EndProject
Project("{2150E333-8FDC-42A3-9474-1A3956D46DE8}") = "Command.Interface", "Command.Interface", "{EA510AF1-486E-4947-9996-5BC82F2B17D7}"
EndProject
Project("{2150E333-8FDC-42A3-9474-1A3956D46DE8}") = "Command.Service.Interface", "Command.Service.Interface", "{F919BC78-3941-9FB8-6964-374052736899}"
EndProject
Project("{FAE04EC0-301F-11D3-BF4B-00C04F79EFBC}") = "InsonusK.Shared.Command.Service.Interface", "src\Command\Command.Service.Interface\InsonusK.Shared.Command.Service.Interface\InsonusK.Shared.Command.Service.Interface.csproj", "{06A453AD-3EF2-4AEC-BD13-119BF383818F}"
EndProject
Project("{FAE04EC0-301F-11D3-BF4B-00C04F79EFBC}") = "InsonusK.Shared.Command.Service.Interface.Test", "src\Command\Command.Service.Interface\InsonusK.Shared.Command.Service.Interface.Test\InsonusK.Shared.Command.Service.Interface.Test.csproj", "{D95D3FA6-05E9-4913-BEC8-8AB1895876A8}"
EndProject
Project("{2150E333-8FDC-42A3-9474-1A3956D46DE8}") = "Command.Exception", "Command.Exception", "{26CC9E15-DE81-9FE8-F270-8E85F7E6713E}"
EndProject
Project("{FAE04EC0-301F-11D3-BF4B-00C04F79EFBC}") = "InsonusK.Shared.Command.Exception", "src\Command\Command.Exception\InsonusK.Shared.Command.Exception\InsonusK.Shared.Command.Exception.csproj", "{BE956B51-2EBD-4D3B-9F9C-E0207C8ACA71}"
EndProject
Project("{FAE04EC0-301F-11D3-BF4B-00C04F79EFBC}") = "InsonusK.Shared.Command.Exception.Test", "src\Command\Command.Exception\InsonusK.Shared.Command.Exception.Test\InsonusK.Shared.Command.Exception.Test.csproj", "{5BF79E27-54CA-420E-888E-E1655DF02C21}"
EndProject
Project("{FAE04EC0-301F-11D3-BF4B-00C04F79EFBC}") = "InsonusK.Shared.Command.Interface", "src\Command\Command.Interface\InsonusK.Shared.Command.Interface\InsonusK.Shared.Command.Interface.csproj", "{6116257A-03DE-4436-B53B-D964FE992D42}"
EndProject
Project("{FAE04EC0-301F-11D3-BF4B-00C04F79EFBC}") = "InsonusK.Shared.Command.Interface.Test", "src\Command\Command.Interface\InsonusK.Shared.Command.Interface.Test\InsonusK.Shared.Command.Interface.Test.csproj", "{9269AA07-2B64-495B-B0C3-4AA8F5997AEA}"
EndProject
Project("{2150E333-8FDC-42A3-9474-1A3956D46DE8}") = "Entities", "Entities", "{5F5D2DA1-D523-9746-CCCB-000D35E306D2}"
EndProject
Project("{2150E333-8FDC-42A3-9474-1A3956D46DE8}") = "DataBase", "DataBase", "{F037AFF3-4143-A708-5537-741C449A69C3}"
EndProject
Project("{FAE04EC0-301F-11D3-BF4B-00C04F79EFBC}") = "InsonusK.Shared.DataBase", "src\Entities\DataBase\InsonusK.Shared.DataBase\InsonusK.Shared.DataBase.csproj", "{0C0B2508-A634-4B25-83DE-E3752FD89418}"
EndProject
Project("{FAE04EC0-301F-11D3-BF4B-00C04F79EFBC}") = "InsonusK.Shared.DataBase.Test", "src\Entities\DataBase\InsonusK.Shared.DataBase.Test\InsonusK.Shared.DataBase.Test.csproj", "{143F3672-578B-4053-9A77-8398EEF49B2E}"
EndProject
Project("{2150E333-8FDC-42A3-9474-1A3956D46DE8}") = "Model", "Model", "{A13A67CE-F2AF-353B-FA7D-D62ACA78B247}"
EndProject
Project("{FAE04EC0-301F-11D3-BF4B-00C04F79EFBC}") = "InsonusK.Shared.Model", "src\Entities\Model\InsonusK.Shared.Model\InsonusK.Shared.Model.csproj", "{052B49BA-E2B8-4C01-B7BF-AA6EC9F56A47}"
EndProject
Project("{FAE04EC0-301F-11D3-BF4B-00C04F79EFBC}") = "InsonusK.Shared.Model.Test", "src\Entities\Model\InsonusK.Shared.Model.Test\InsonusK.Shared.Model.Test.csproj", "{8EBA148F-9533-49A1-94E5-318609A0F2F1}"
EndProject
Global
	GlobalSection(SolutionConfigurationPlatforms) = preSolution
		Debug|Any CPU = Debug|Any CPU
		Debug|x64 = Debug|x64
		Debug|x86 = Debug|x86
		Release|Any CPU = Release|Any CPU
		Release|x64 = Release|x64
		Release|x86 = Release|x86
	EndGlobalSection
	GlobalSection(ProjectConfigurationPlatforms) = postSolution
		{5E683A77-0CEA-4576-BB46-C3ECCF5137AB}.Debug|Any CPU.ActiveCfg = Debug|Any CPU
		{5E683A77-0CEA-4576-BB46-C3ECCF5137AB}.Debug|Any CPU.Build.0 = Debug|Any CPU
		{5E683A77-0CEA-4576-BB46-C3ECCF5137AB}.Debug|x64.ActiveCfg = Debug|Any CPU
		{5E683A77-0CEA-4576-BB46-C3ECCF5137AB}.Debug|x64.Build.0 = Debug|Any CPU
		{5E683A77-0CEA-4576-BB46-C3ECCF5137AB}.Debug|x86.ActiveCfg = Debug|Any CPU
		{5E683A77-0CEA-4576-BB46-C3ECCF5137AB}.Debug|x86.Build.0 = Debug|Any CPU
		{5E683A77-0CEA-4576-BB46-C3ECCF5137AB}.Release|Any CPU.ActiveCfg = Release|Any CPU
		{5E683A77-0CEA-4576-BB46-C3ECCF5137AB}.Release|Any CPU.Build.0 = Release|Any CPU
		{5E683A77-0CEA-4576-BB46-C3ECCF5137AB}.Release|x64.ActiveCfg = Release|Any CPU
		{5E683A77-0CEA-4576-BB46-C3ECCF5137AB}.Release|x64.Build.0 = Release|Any CPU
		{5E683A77-0CEA-4576-BB46-C3ECCF5137AB}.Release|x86.ActiveCfg = Release|Any CPU
		{5E683A77-0CEA-4576-BB46-C3ECCF5137AB}.Release|x86.Build.0 = Release|Any CPU
		{A5A0782D-68C8-47CC-A388-070E271DB183}.Debug|Any CPU.ActiveCfg = Debug|Any CPU
		{A5A0782D-68C8-47CC-A388-070E271DB183}.Debug|Any CPU.Build.0 = Debug|Any CPU
		{A5A0782D-68C8-47CC-A388-070E271DB183}.Debug|x64.ActiveCfg = Debug|Any CPU
		{A5A0782D-68C8-47CC-A388-070E271DB183}.Debug|x64.Build.0 = Debug|Any CPU
		{A5A0782D-68C8-47CC-A388-070E271DB183}.Debug|x86.ActiveCfg = Debug|Any CPU
		{A5A0782D-68C8-47CC-A388-070E271DB183}.Debug|x86.Build.0 = Debug|Any CPU
		{A5A0782D-68C8-47CC-A388-070E271DB183}.Release|Any CPU.ActiveCfg = Release|Any CPU
		{A5A0782D-68C8-47CC-A388-070E271DB183}.Release|Any CPU.Build.0 = Release|Any CPU
		{A5A0782D-68C8-47CC-A388-070E271DB183}.Release|x64.ActiveCfg = Release|Any CPU
		{A5A0782D-68C8-47CC-A388-070E271DB183}.Release|x64.Build.0 = Release|Any CPU
		{A5A0782D-68C8-47CC-A388-070E271DB183}.Release|x86.ActiveCfg = Release|Any CPU
		{A5A0782D-68C8-47CC-A388-070E271DB183}.Release|x86.Build.0 = Release|Any CPU
		{F607B27A-FC01-4006-8B41-9C000362F752}.Debug|Any CPU.ActiveCfg = Debug|Any CPU
		{F607B27A-FC01-4006-8B41-9C000362F752}.Debug|Any CPU.Build.0 = Debug|Any CPU
		{F607B27A-FC01-4006-8B41-9C000362F752}.Debug|x64.ActiveCfg = Debug|Any CPU
		{F607B27A-FC01-4006-8B41-9C000362F752}.Debug|x64.Build.0 = Debug|Any CPU
		{F607B27A-FC01-4006-8B41-9C000362F752}.Debug|x86.ActiveCfg = Debug|Any CPU
		{F607B27A-FC01-4006-8B41-9C000362F752}.Debug|x86.Build.0 = Debug|Any CPU
		{F607B27A-FC01-4006-8B41-9C000362F752}.Release|Any CPU.ActiveCfg = Release|Any CPU
		{F607B27A-FC01-4006-8B41-9C000362F752}.Release|Any CPU.Build.0 = Release|Any CPU
		{F607B27A-FC01-4006-8B41-9C000362F752}.Release|x64.ActiveCfg = Release|Any CPU
		{F607B27A-FC01-4006-8B41-9C000362F752}.Release|x64.Build.0 = Release|Any CPU
		{F607B27A-FC01-4006-8B41-9C000362F752}.Release|x86.ActiveCfg = Release|Any CPU
		{F607B27A-FC01-4006-8B41-9C000362F752}.Release|x86.Build.0 = Release|Any CPU
		{9A2D9FBE-D235-4970-AA25-385C621873A1}.Debug|Any CPU.ActiveCfg = Debug|Any CPU
		{9A2D9FBE-D235-4970-AA25-385C621873A1}.Debug|Any CPU.Build.0 = Debug|Any CPU
		{9A2D9FBE-D235-4970-AA25-385C621873A1}.Debug|x64.ActiveCfg = Debug|Any CPU
		{9A2D9FBE-D235-4970-AA25-385C621873A1}.Debug|x64.Build.0 = Debug|Any CPU
		{9A2D9FBE-D235-4970-AA25-385C621873A1}.Debug|x86.ActiveCfg = Debug|Any CPU
		{9A2D9FBE-D235-4970-AA25-385C621873A1}.Debug|x86.Build.0 = Debug|Any CPU
		{9A2D9FBE-D235-4970-AA25-385C621873A1}.Release|Any CPU.ActiveCfg = Release|Any CPU
		{9A2D9FBE-D235-4970-AA25-385C621873A1}.Release|Any CPU.Build.0 = Release|Any CPU
		{9A2D9FBE-D235-4970-AA25-385C621873A1}.Release|x64.ActiveCfg = Release|Any CPU
		{9A2D9FBE-D235-4970-AA25-385C621873A1}.Release|x64.Build.0 = Release|Any CPU
		{9A2D9FBE-D235-4970-AA25-385C621873A1}.Release|x86.ActiveCfg = Release|Any CPU
		{9A2D9FBE-D235-4970-AA25-385C621873A1}.Release|x86.Build.0 = Release|Any CPU
		{873D8A73-E1F2-4666-BEEF-895D5D208AD4}.Debug|Any CPU.ActiveCfg = Debug|Any CPU
		{873D8A73-E1F2-4666-BEEF-895D5D208AD4}.Debug|Any CPU.Build.0 = Debug|Any CPU
		{873D8A73-E1F2-4666-BEEF-895D5D208AD4}.Debug|x64.ActiveCfg = Debug|Any CPU
		{873D8A73-E1F2-4666-BEEF-895D5D208AD4}.Debug|x64.Build.0 = Debug|Any CPU
		{873D8A73-E1F2-4666-BEEF-895D5D208AD4}.Debug|x86.ActiveCfg = Debug|Any CPU
		{873D8A73-E1F2-4666-BEEF-895D5D208AD4}.Debug|x86.Build.0 = Debug|Any CPU
		{873D8A73-E1F2-4666-BEEF-895D5D208AD4}.Release|Any CPU.ActiveCfg = Release|Any CPU
		{873D8A73-E1F2-4666-BEEF-895D5D208AD4}.Release|Any CPU.Build.0 = Release|Any CPU
		{873D8A73-E1F2-4666-BEEF-895D5D208AD4}.Release|x64.ActiveCfg = Release|Any CPU
		{873D8A73-E1F2-4666-BEEF-895D5D208AD4}.Release|x64.Build.0 = Release|Any CPU
		{873D8A73-E1F2-4666-BEEF-895D5D208AD4}.Release|x86.ActiveCfg = Release|Any CPU
		{873D8A73-E1F2-4666-BEEF-895D5D208AD4}.Release|x86.Build.0 = Release|Any CPU
		{9A779D46-8AAE-415D-B983-67F3D4057E33}.Debug|Any CPU.ActiveCfg = Debug|Any CPU
		{9A779D46-8AAE-415D-B983-67F3D4057E33}.Debug|Any CPU.Build.0 = Debug|Any CPU
		{9A779D46-8AAE-415D-B983-67F3D4057E33}.Debug|x64.ActiveCfg = Debug|Any CPU
		{9A779D46-8AAE-415D-B983-67F3D4057E33}.Debug|x64.Build.0 = Debug|Any CPU
		{9A779D46-8AAE-415D-B983-67F3D4057E33}.Debug|x86.ActiveCfg = Debug|Any CPU
		{9A779D46-8AAE-415D-B983-67F3D4057E33}.Debug|x86.Build.0 = Debug|Any CPU
		{9A779D46-8AAE-415D-B983-67F3D4057E33}.Release|Any CPU.ActiveCfg = Release|Any CPU
		{9A779D46-8AAE-415D-B983-67F3D4057E33}.Release|Any CPU.Build.0 = Release|Any CPU
		{9A779D46-8AAE-415D-B983-67F3D4057E33}.Release|x64.ActiveCfg = Release|Any CPU
		{9A779D46-8AAE-415D-B983-67F3D4057E33}.Release|x64.Build.0 = Release|Any CPU
		{9A779D46-8AAE-415D-B983-67F3D4057E33}.Release|x86.ActiveCfg = Release|Any CPU
		{9A779D46-8AAE-415D-B983-67F3D4057E33}.Release|x86.Build.0 = Release|Any CPU
		{FAF54E7D-CCAA-4231-8D24-F073812B9E97}.Debug|Any CPU.ActiveCfg = Debug|Any CPU
		{FAF54E7D-CCAA-4231-8D24-F073812B9E97}.Debug|Any CPU.Build.0 = Debug|Any CPU
		{FAF54E7D-CCAA-4231-8D24-F073812B9E97}.Debug|x64.ActiveCfg = Debug|Any CPU
		{FAF54E7D-CCAA-4231-8D24-F073812B9E97}.Debug|x64.Build.0 = Debug|Any CPU
		{FAF54E7D-CCAA-4231-8D24-F073812B9E97}.Debug|x86.ActiveCfg = Debug|Any CPU
		{FAF54E7D-CCAA-4231-8D24-F073812B9E97}.Debug|x86.Build.0 = Debug|Any CPU
		{FAF54E7D-CCAA-4231-8D24-F073812B9E97}.Release|Any CPU.ActiveCfg = Release|Any CPU
		{FAF54E7D-CCAA-4231-8D24-F073812B9E97}.Release|Any CPU.Build.0 = Release|Any CPU
		{FAF54E7D-CCAA-4231-8D24-F073812B9E97}.Release|x64.ActiveCfg = Release|Any CPU
		{FAF54E7D-CCAA-4231-8D24-F073812B9E97}.Release|x64.Build.0 = Release|Any CPU
		{FAF54E7D-CCAA-4231-8D24-F073812B9E97}.Release|x86.ActiveCfg = Release|Any CPU
		{FAF54E7D-CCAA-4231-8D24-F073812B9E97}.Release|x86.Build.0 = Release|Any CPU
		{A70B23F9-3C84-420F-8FA9-41534F2A577B}.Debug|Any CPU.ActiveCfg = Debug|Any CPU
		{A70B23F9-3C84-420F-8FA9-41534F2A577B}.Debug|Any CPU.Build.0 = Debug|Any CPU
		{A70B23F9-3C84-420F-8FA9-41534F2A577B}.Debug|x64.ActiveCfg = Debug|Any CPU
		{A70B23F9-3C84-420F-8FA9-41534F2A577B}.Debug|x64.Build.0 = Debug|Any CPU
		{A70B23F9-3C84-420F-8FA9-41534F2A577B}.Debug|x86.ActiveCfg = Debug|Any CPU
		{A70B23F9-3C84-420F-8FA9-41534F2A577B}.Debug|x86.Build.0 = Debug|Any CPU
		{A70B23F9-3C84-420F-8FA9-41534F2A577B}.Release|Any CPU.ActiveCfg = Release|Any CPU
		{A70B23F9-3C84-420F-8FA9-41534F2A577B}.Release|Any CPU.Build.0 = Release|Any CPU
		{A70B23F9-3C84-420F-8FA9-41534F2A577B}.Release|x64.ActiveCfg = Release|Any CPU
		{A70B23F9-3C84-420F-8FA9-41534F2A577B}.Release|x64.Build.0 = Release|Any CPU
		{A70B23F9-3C84-420F-8FA9-41534F2A577B}.Release|x86.ActiveCfg = Release|Any CPU
		{A70B23F9-3C84-420F-8FA9-41534F2A577B}.Release|x86.Build.0 = Release|Any CPU
		{06A453AD-3EF2-4AEC-BD13-119BF383818F}.Debug|Any CPU.ActiveCfg = Debug|Any CPU
		{06A453AD-3EF2-4AEC-BD13-119BF383818F}.Debug|Any CPU.Build.0 = Debug|Any CPU
		{06A453AD-3EF2-4AEC-BD13-119BF383818F}.Debug|x64.ActiveCfg = Debug|Any CPU
		{06A453AD-3EF2-4AEC-BD13-119BF383818F}.Debug|x64.Build.0 = Debug|Any CPU
		{06A453AD-3EF2-4AEC-BD13-119BF383818F}.Debug|x86.ActiveCfg = Debug|Any CPU
		{06A453AD-3EF2-4AEC-BD13-119BF383818F}.Debug|x86.Build.0 = Debug|Any CPU
		{06A453AD-3EF2-4AEC-BD13-119BF383818F}.Release|Any CPU.ActiveCfg = Release|Any CPU
		{06A453AD-3EF2-4AEC-BD13-119BF383818F}.Release|Any CPU.Build.0 = Release|Any CPU
		{06A453AD-3EF2-4AEC-BD13-119BF383818F}.Release|x64.ActiveCfg = Release|Any CPU
		{06A453AD-3EF2-4AEC-BD13-119BF383818F}.Release|x64.Build.0 = Release|Any CPU
		{06A453AD-3EF2-4AEC-BD13-119BF383818F}.Release|x86.ActiveCfg = Release|Any CPU
		{06A453AD-3EF2-4AEC-BD13-119BF383818F}.Release|x86.Build.0 = Release|Any CPU
		{D95D3FA6-05E9-4913-BEC8-8AB1895876A8}.Debug|Any CPU.ActiveCfg = Debug|Any CPU
		{D95D3FA6-05E9-4913-BEC8-8AB1895876A8}.Debug|Any CPU.Build.0 = Debug|Any CPU
		{D95D3FA6-05E9-4913-BEC8-8AB1895876A8}.Debug|x64.ActiveCfg = Debug|Any CPU
		{D95D3FA6-05E9-4913-BEC8-8AB1895876A8}.Debug|x64.Build.0 = Debug|Any CPU
		{D95D3FA6-05E9-4913-BEC8-8AB1895876A8}.Debug|x86.ActiveCfg = Debug|Any CPU
		{D95D3FA6-05E9-4913-BEC8-8AB1895876A8}.Debug|x86.Build.0 = Debug|Any CPU
		{D95D3FA6-05E9-4913-BEC8-8AB1895876A8}.Release|Any CPU.ActiveCfg = Release|Any CPU
		{D95D3FA6-05E9-4913-BEC8-8AB1895876A8}.Release|Any CPU.Build.0 = Release|Any CPU
		{D95D3FA6-05E9-4913-BEC8-8AB1895876A8}.Release|x64.ActiveCfg = Release|Any CPU
		{D95D3FA6-05E9-4913-BEC8-8AB1895876A8}.Release|x64.Build.0 = Release|Any CPU
		{D95D3FA6-05E9-4913-BEC8-8AB1895876A8}.Release|x86.ActiveCfg = Release|Any CPU
		{D95D3FA6-05E9-4913-BEC8-8AB1895876A8}.Release|x86.Build.0 = Release|Any CPU
		{BE956B51-2EBD-4D3B-9F9C-E0207C8ACA71}.Debug|Any CPU.ActiveCfg = Debug|Any CPU
		{BE956B51-2EBD-4D3B-9F9C-E0207C8ACA71}.Debug|Any CPU.Build.0 = Debug|Any CPU
		{BE956B51-2EBD-4D3B-9F9C-E0207C8ACA71}.Debug|x64.ActiveCfg = Debug|Any CPU
		{BE956B51-2EBD-4D3B-9F9C-E0207C8ACA71}.Debug|x64.Build.0 = Debug|Any CPU
		{BE956B51-2EBD-4D3B-9F9C-E0207C8ACA71}.Debug|x86.ActiveCfg = Debug|Any CPU
		{BE956B51-2EBD-4D3B-9F9C-E0207C8ACA71}.Debug|x86.Build.0 = Debug|Any CPU
		{BE956B51-2EBD-4D3B-9F9C-E0207C8ACA71}.Release|Any CPU.ActiveCfg = Release|Any CPU
		{BE956B51-2EBD-4D3B-9F9C-E0207C8ACA71}.Release|Any CPU.Build.0 = Release|Any CPU
		{BE956B51-2EBD-4D3B-9F9C-E0207C8ACA71}.Release|x64.ActiveCfg = Release|Any CPU
		{BE956B51-2EBD-4D3B-9F9C-E0207C8ACA71}.Release|x64.Build.0 = Release|Any CPU
		{BE956B51-2EBD-4D3B-9F9C-E0207C8ACA71}.Release|x86.ActiveCfg = Release|Any CPU
		{BE956B51-2EBD-4D3B-9F9C-E0207C8ACA71}.Release|x86.Build.0 = Release|Any CPU
		{5BF79E27-54CA-420E-888E-E1655DF02C21}.Debug|Any CPU.ActiveCfg = Debug|Any CPU
		{5BF79E27-54CA-420E-888E-E1655DF02C21}.Debug|Any CPU.Build.0 = Debug|Any CPU
		{5BF79E27-54CA-420E-888E-E1655DF02C21}.Debug|x64.ActiveCfg = Debug|Any CPU
		{5BF79E27-54CA-420E-888E-E1655DF02C21}.Debug|x64.Build.0 = Debug|Any CPU
		{5BF79E27-54CA-420E-888E-E1655DF02C21}.Debug|x86.ActiveCfg = Debug|Any CPU
		{5BF79E27-54CA-420E-888E-E1655DF02C21}.Debug|x86.Build.0 = Debug|Any CPU
		{5BF79E27-54CA-420E-888E-E1655DF02C21}.Release|Any CPU.ActiveCfg = Release|Any CPU
		{5BF79E27-54CA-420E-888E-E1655DF02C21}.Release|Any CPU.Build.0 = Release|Any CPU
		{5BF79E27-54CA-420E-888E-E1655DF02C21}.Release|x64.ActiveCfg = Release|Any CPU
		{5BF79E27-54CA-420E-888E-E1655DF02C21}.Release|x64.Build.0 = Release|Any CPU
		{5BF79E27-54CA-420E-888E-E1655DF02C21}.Release|x86.ActiveCfg = Release|Any CPU
		{5BF79E27-54CA-420E-888E-E1655DF02C21}.Release|x86.Build.0 = Release|Any CPU
		{6116257A-03DE-4436-B53B-D964FE992D42}.Debug|Any CPU.ActiveCfg = Debug|Any CPU
		{6116257A-03DE-4436-B53B-D964FE992D42}.Debug|Any CPU.Build.0 = Debug|Any CPU
		{6116257A-03DE-4436-B53B-D964FE992D42}.Debug|x64.ActiveCfg = Debug|Any CPU
		{6116257A-03DE-4436-B53B-D964FE992D42}.Debug|x64.Build.0 = Debug|Any CPU
		{6116257A-03DE-4436-B53B-D964FE992D42}.Debug|x86.ActiveCfg = Debug|Any CPU
		{6116257A-03DE-4436-B53B-D964FE992D42}.Debug|x86.Build.0 = Debug|Any CPU
		{6116257A-03DE-4436-B53B-D964FE992D42}.Release|Any CPU.ActiveCfg = Release|Any CPU
		{6116257A-03DE-4436-B53B-D964FE992D42}.Release|Any CPU.Build.0 = Release|Any CPU
		{6116257A-03DE-4436-B53B-D964FE992D42}.Release|x64.ActiveCfg = Release|Any CPU
		{6116257A-03DE-4436-B53B-D964FE992D42}.Release|x64.Build.0 = Release|Any CPU
		{6116257A-03DE-4436-B53B-D964FE992D42}.Release|x86.ActiveCfg = Release|Any CPU
		{6116257A-03DE-4436-B53B-D964FE992D42}.Release|x86.Build.0 = Release|Any CPU
		{9269AA07-2B64-495B-B0C3-4AA8F5997AEA}.Debug|Any CPU.ActiveCfg = Debug|Any CPU
		{9269AA07-2B64-495B-B0C3-4AA8F5997AEA}.Debug|Any CPU.Build.0 = Debug|Any CPU
		{9269AA07-2B64-495B-B0C3-4AA8F5997AEA}.Debug|x64.ActiveCfg = Debug|Any CPU
		{9269AA07-2B64-495B-B0C3-4AA8F5997AEA}.Debug|x64.Build.0 = Debug|Any CPU
		{9269AA07-2B64-495B-B0C3-4AA8F5997AEA}.Debug|x86.ActiveCfg = Debug|Any CPU
		{9269AA07-2B64-495B-B0C3-4AA8F5997AEA}.Debug|x86.Build.0 = Debug|Any CPU
		{9269AA07-2B64-495B-B0C3-4AA8F5997AEA}.Release|Any CPU.ActiveCfg = Release|Any CPU
		{9269AA07-2B64-495B-B0C3-4AA8F5997AEA}.Release|Any CPU.Build.0 = Release|Any CPU
		{9269AA07-2B64-495B-B0C3-4AA8F5997AEA}.Release|x64.ActiveCfg = Release|Any CPU
		{9269AA07-2B64-495B-B0C3-4AA8F5997AEA}.Release|x64.Build.0 = Release|Any CPU
		{9269AA07-2B64-495B-B0C3-4AA8F5997AEA}.Release|x86.ActiveCfg = Release|Any CPU
		{9269AA07-2B64-495B-B0C3-4AA8F5997AEA}.Release|x86.Build.0 = Release|Any CPU
		{0C0B2508-A634-4B25-83DE-E3752FD89418}.Debug|Any CPU.ActiveCfg = Debug|Any CPU
		{0C0B2508-A634-4B25-83DE-E3752FD89418}.Debug|Any CPU.Build.0 = Debug|Any CPU
		{0C0B2508-A634-4B25-83DE-E3752FD89418}.Debug|x64.ActiveCfg = Debug|Any CPU
		{0C0B2508-A634-4B25-83DE-E3752FD89418}.Debug|x64.Build.0 = Debug|Any CPU
		{0C0B2508-A634-4B25-83DE-E3752FD89418}.Debug|x86.ActiveCfg = Debug|Any CPU
		{0C0B2508-A634-4B25-83DE-E3752FD89418}.Debug|x86.Build.0 = Debug|Any CPU
		{0C0B2508-A634-4B25-83DE-E3752FD89418}.Release|Any CPU.ActiveCfg = Release|Any CPU
		{0C0B2508-A634-4B25-83DE-E3752FD89418}.Release|Any CPU.Build.0 = Release|Any CPU
		{0C0B2508-A634-4B25-83DE-E3752FD89418}.Release|x64.ActiveCfg = Release|Any CPU
		{0C0B2508-A634-4B25-83DE-E3752FD89418}.Release|x64.Build.0 = Release|Any CPU
		{0C0B2508-A634-4B25-83DE-E3752FD89418}.Release|x86.ActiveCfg = Release|Any CPU
		{0C0B2508-A634-4B25-83DE-E3752FD89418}.Release|x86.Build.0 = Release|Any CPU
		{143F3672-578B-4053-9A77-8398EEF49B2E}.Debug|Any CPU.ActiveCfg = Debug|Any CPU
		{143F3672-578B-4053-9A77-8398EEF49B2E}.Debug|Any CPU.Build.0 = Debug|Any CPU
		{143F3672-578B-4053-9A77-8398EEF49B2E}.Debug|x64.ActiveCfg = Debug|Any CPU
		{143F3672-578B-4053-9A77-8398EEF49B2E}.Debug|x64.Build.0 = Debug|Any CPU
		{143F3672-578B-4053-9A77-8398EEF49B2E}.Debug|x86.ActiveCfg = Debug|Any CPU
		{143F3672-578B-4053-9A77-8398EEF49B2E}.Debug|x86.Build.0 = Debug|Any CPU
		{143F3672-578B-4053-9A77-8398EEF49B2E}.Release|Any CPU.ActiveCfg = Release|Any CPU
		{143F3672-578B-4053-9A77-8398EEF49B2E}.Release|Any CPU.Build.0 = Release|Any CPU
		{143F3672-578B-4053-9A77-8398EEF49B2E}.Release|x64.ActiveCfg = Release|Any CPU
		{143F3672-578B-4053-9A77-8398EEF49B2E}.Release|x64.Build.0 = Release|Any CPU
		{143F3672-578B-4053-9A77-8398EEF49B2E}.Release|x86.ActiveCfg = Release|Any CPU
		{143F3672-578B-4053-9A77-8398EEF49B2E}.Release|x86.Build.0 = Release|Any CPU
		{052B49BA-E2B8-4C01-B7BF-AA6EC9F56A47}.Debug|Any CPU.ActiveCfg = Debug|Any CPU
		{052B49BA-E2B8-4C01-B7BF-AA6EC9F56A47}.Debug|Any CPU.Build.0 = Debug|Any CPU
		{052B49BA-E2B8-4C01-B7BF-AA6EC9F56A47}.Debug|x64.ActiveCfg = Debug|Any CPU
		{052B49BA-E2B8-4C01-B7BF-AA6EC9F56A47}.Debug|x64.Build.0 = Debug|Any CPU
		{052B49BA-E2B8-4C01-B7BF-AA6EC9F56A47}.Debug|x86.ActiveCfg = Debug|Any CPU
		{052B49BA-E2B8-4C01-B7BF-AA6EC9F56A47}.Debug|x86.Build.0 = Debug|Any CPU
		{052B49BA-E2B8-4C01-B7BF-AA6EC9F56A47}.Release|Any CPU.ActiveCfg = Release|Any CPU
		{052B49BA-E2B8-4C01-B7BF-AA6EC9F56A47}.Release|Any CPU.Build.0 = Release|Any CPU
		{052B49BA-E2B8-4C01-B7BF-AA6EC9F56A47}.Release|x64.ActiveCfg = Release|Any CPU
		{052B49BA-E2B8-4C01-B7BF-AA6EC9F56A47}.Release|x64.Build.0 = Release|Any CPU
		{052B49BA-E2B8-4C01-B7BF-AA6EC9F56A47}.Release|x86.ActiveCfg = Release|Any CPU
		{052B49BA-E2B8-4C01-B7BF-AA6EC9F56A47}.Release|x86.Build.0 = Release|Any CPU
		{8EBA148F-9533-49A1-94E5-318609A0F2F1}.Debug|Any CPU.ActiveCfg = Debug|Any CPU
		{8EBA148F-9533-49A1-94E5-318609A0F2F1}.Debug|Any CPU.Build.0 = Debug|Any CPU
		{8EBA148F-9533-49A1-94E5-318609A0F2F1}.Debug|x64.ActiveCfg = Debug|Any CPU
		{8EBA148F-9533-49A1-94E5-318609A0F2F1}.Debug|x64.Build.0 = Debug|Any CPU
		{8EBA148F-9533-49A1-94E5-318609A0F2F1}.Debug|x86.ActiveCfg = Debug|Any CPU
		{8EBA148F-9533-49A1-94E5-318609A0F2F1}.Debug|x86.Build.0 = Debug|Any CPU
		{8EBA148F-9533-49A1-94E5-318609A0F2F1}.Release|Any CPU.ActiveCfg = Release|Any CPU
		{8EBA148F-9533-49A1-94E5-318609A0F2F1}.Release|Any CPU.Build.0 = Release|Any CPU
		{8EBA148F-9533-49A1-94E5-318609A0F2F1}.Release|x64.ActiveCfg = Release|Any CPU
		{8EBA148F-9533-49A1-94E5-318609A0F2F1}.Release|x64.Build.0 = Release|Any CPU
		{8EBA148F-9533-49A1-94E5-318609A0F2F1}.Release|x86.ActiveCfg = Release|Any CPU
		{8EBA148F-9533-49A1-94E5-318609A0F2F1}.Release|x86.Build.0 = Release|Any CPU
	EndGlobalSection
	GlobalSection(SolutionProperties) = preSolution
		HideSolutionNode = FALSE
	EndGlobalSection
	GlobalSection(NestedProjects) = preSolution
		{9B01F202-4B2B-BF9E-D9C8-E18FAB7EFC64} = {827E0CD3-B72D-47B6-A68D-7590B98EB39B}
		{5E683A77-0CEA-4576-BB46-C3ECCF5137AB} = {9B01F202-4B2B-BF9E-D9C8-E18FAB7EFC64}
		{A5A0782D-68C8-47CC-A388-070E271DB183} = {9B01F202-4B2B-BF9E-D9C8-E18FAB7EFC64}
		{5A0CFE4E-0C6C-8C6F-BBD5-CD445D078B41} = {827E0CD3-B72D-47B6-A68D-7590B98EB39B}
		{F607B27A-FC01-4006-8B41-9C000362F752} = {5A0CFE4E-0C6C-8C6F-BBD5-CD445D078B41}
		{9A2D9FBE-D235-4970-AA25-385C621873A1} = {5A0CFE4E-0C6C-8C6F-BBD5-CD445D078B41}
		{765E863F-92D1-9EC9-A760-0CE58F35DE60} = {827E0CD3-B72D-47B6-A68D-7590B98EB39B}
		{5FCF0399-96AA-63E0-D369-745C73E9B070} = {765E863F-92D1-9EC9-A760-0CE58F35DE60}
		{873D8A73-E1F2-4666-BEEF-895D5D208AD4} = {5FCF0399-96AA-63E0-D369-745C73E9B070}
		{9A779D46-8AAE-415D-B983-67F3D4057E33} = {5FCF0399-96AA-63E0-D369-745C73E9B070}
		{7F3C07A6-64FD-A6DA-10F3-3965B8A54AA4} = {827E0CD3-B72D-47B6-A68D-7590B98EB39B}
		{F5017202-3A22-E612-0B45-86B39B7582F7} = {765E863F-92D1-9EC9-A760-0CE58F35DE60}
		{FAF54E7D-CCAA-4231-8D24-F073812B9E97} = {F5017202-3A22-E612-0B45-86B39B7582F7}
		{A70B23F9-3C84-420F-8FA9-41534F2A577B} = {F5017202-3A22-E612-0B45-86B39B7582F7}
		{EA510AF1-486E-4947-9996-5BC82F2B17D7} = {765E863F-92D1-9EC9-A760-0CE58F35DE60}
		{F919BC78-3941-9FB8-6964-374052736899} = {765E863F-92D1-9EC9-A760-0CE58F35DE60}
		{06A453AD-3EF2-4AEC-BD13-119BF383818F} = {F919BC78-3941-9FB8-6964-374052736899}
		{D95D3FA6-05E9-4913-BEC8-8AB1895876A8} = {F919BC78-3941-9FB8-6964-374052736899}
		{26CC9E15-DE81-9FE8-F270-8E85F7E6713E} = {765E863F-92D1-9EC9-A760-0CE58F35DE60}
		{BE956B51-2EBD-4D3B-9F9C-E0207C8ACA71} = {26CC9E15-DE81-9FE8-F270-8E85F7E6713E}
		{5BF79E27-54CA-420E-888E-E1655DF02C21} = {26CC9E15-DE81-9FE8-F270-8E85F7E6713E}
		{6116257A-03DE-4436-B53B-D964FE992D42} = {EA510AF1-486E-4947-9996-5BC82F2B17D7}
		{9269AA07-2B64-495B-B0C3-4AA8F5997AEA} = {EA510AF1-486E-4947-9996-5BC82F2B17D7}
		{5F5D2DA1-D523-9746-CCCB-000D35E306D2} = {827E0CD3-B72D-47B6-A68D-7590B98EB39B}
		{F037AFF3-4143-A708-5537-741C449A69C3} = {5F5D2DA1-D523-9746-CCCB-000D35E306D2}
		{0C0B2508-A634-4B25-83DE-E3752FD89418} = {F037AFF3-4143-A708-5537-741C449A69C3}
		{143F3672-578B-4053-9A77-8398EEF49B2E} = {F037AFF3-4143-A708-5537-741C449A69C3}
		{A13A67CE-F2AF-353B-FA7D-D62ACA78B247} = {5F5D2DA1-D523-9746-CCCB-000D35E306D2}
		{052B49BA-E2B8-4C01-B7BF-AA6EC9F56A47} = {A13A67CE-F2AF-353B-FA7D-D62ACA78B247}
		{8EBA148F-9533-49A1-94E5-318609A0F2F1} = {A13A67CE-F2AF-353B-FA7D-D62ACA78B247}
	EndGlobalSection
EndGlobal
